
Microsoft Visual Studio Solution File, Format Version 12.00
# Visual Studio Version 17
VisualStudioVersion = 17.5.002.0
MinimumVisualStudioVersion = 10.0.40219.1
Project("{9A19103F-16F7-4668-BE54-9A1E7A4F7556}") = "finance-reporter-api", "finance-reporter-api.csproj", "{1075D23A-C14A-4238-823D-39D5CA7FDF6F}"
EndProject
Global
	GlobalSection(SolutionConfigurationPlatforms) = preSolution
		Debug|Any CPU = Debug|Any CPU
		Release|Any CPU = Release|Any CPU
	EndGlobalSection
	GlobalSection(ProjectConfigurationPlatforms) = postSolution
		{1075D23A-C14A-4238-823D-39D5CA7FDF6F}.Debug|Any CPU.ActiveCfg = Debug|Any CPU
		{1075D23A-C14A-4238-823D-39D5CA7FDF6F}.Debug|Any CPU.Build.0 = Debug|Any CPU
		{1075D23A-C14A-4238-823D-39D5CA7FDF6F}.Release|Any CPU.ActiveCfg = Release|Any CPU
		{1075D23A-C14A-4238-823D-39D5CA7FDF6F}.Release|Any CPU.Build.0 = Release|Any CPU
	EndGlobalSection
	GlobalSection(SolutionProperties) = preSolution
		HideSolutionNode = FALSE
	EndGlobalSection
	GlobalSection(ExtensibilityGlobals) = postSolution
		SolutionGuid = {ABB87A24-496E-4D99-B875-218DEED72A6A}
	EndGlobalSection
EndGlobal
